
Microsoft Visual Studio Solution File, Format Version 12.00
# Visual Studio Version 17
VisualStudioVersion = 17.9.34701.34
MinimumVisualStudioVersion = 10.0.40219.1
Project("{FAE04EC0-301F-11D3-BF4B-00C04F79EFBC}") = "AutomationUsingMSTest", "AutomationUsingMSTest.csproj", "{EB87B294-A19E-4BA4-A8E1-4D97C07ABE8B}"
EndProject
Global
	GlobalSection(SolutionConfigurationPlatforms) = preSolution
		Debug|Any CPU = Debug|Any CPU
		Release|Any CPU = Release|Any CPU
	EndGlobalSection
	GlobalSection(ProjectConfigurationPlatforms) = postSolution
		{EB87B294-A19E-4BA4-A8E1-4D97C07ABE8B}.Debug|Any CPU.ActiveCfg = Debug|Any CPU
		{EB87B294-A19E-4BA4-A8E1-4D97C07ABE8B}.Debug|Any CPU.Build.0 = Debug|Any CPU
		{EB87B294-A19E-4BA4-A8E1-4D97C07ABE8B}.Release|Any CPU.ActiveCfg = Release|Any CPU
		{EB87B294-A19E-4BA4-A8E1-4D97C07ABE8B}.Release|Any CPU.Build.0 = Release|Any CPU
	EndGlobalSection
	GlobalSection(SolutionProperties) = preSolution
		HideSolutionNode = FALSE
	EndGlobalSection
	GlobalSection(ExtensibilityGlobals) = postSolution
		SolutionGuid = {05E84207-A208-4855-98A9-AF08B8B8AF1A}
	EndGlobalSection
EndGlobal
